
Microsoft Visual Studio Solution File, Format Version 12.00
# Visual Studio Version 16
VisualStudioVersion = 16.0.31025.194
MinimumVisualStudioVersion = 10.0.40219.1
Project("{FAE04EC0-301F-11D3-BF4B-00C04F79EFBC}") = "TheCinemaProject.Mockup", "TheCinemaProject.Mockup\TheCinemaProject.Mockup.csproj", "{02E68547-F366-4863-9D12-E8CC98CC4B93}"
EndProject
Global
	GlobalSection(SolutionConfigurationPlatforms) = preSolution
		Debug|Any CPU = Debug|Any CPU
		Release|Any CPU = Release|Any CPU
	EndGlobalSection
	GlobalSection(ProjectConfigurationPlatforms) = postSolution
		{02E68547-F366-4863-9D12-E8CC98CC4B93}.Debug|Any CPU.ActiveCfg = Debug|Any CPU
		{02E68547-F366-4863-9D12-E8CC98CC4B93}.Debug|Any CPU.Build.0 = Debug|Any CPU
		{02E68547-F366-4863-9D12-E8CC98CC4B93}.Release|Any CPU.ActiveCfg = Release|Any CPU
		{02E68547-F366-4863-9D12-E8CC98CC4B93}.Release|Any CPU.Build.0 = Release|Any CPU
	EndGlobalSection
	GlobalSection(SolutionProperties) = preSolution
		HideSolutionNode = FALSE
	EndGlobalSection
	GlobalSection(ExtensibilityGlobals) = postSolution
		SolutionGuid = {CEAB5006-33A4-489F-939F-F9491EC6866B}
	EndGlobalSection
EndGlobal
